# This file is automatically @generated by Cargo.
# It is not intended for manual editing.
version = 4

[[package]]
name = "nixon"
version = "0.2.0"
dependencies = [
 "nixon-picker",
]

[[package]]
name = "nixon-cli"
version = "0.2.0"
dependencies = [
 "nixon",
]

[[package]]
name = "nixon-picker"
version = "0.2.0"
