{
  "nodes": {
    "nixpkgs": {
      "locked": {
        "lastModified": 1643247693,
        "narHash": "sha256-rmShxIuNjYBz4l83J0J++sug+MURUY1koPCzX4F8hfo=",
        "owner": "NixOS",
        "repo": "nixpkgs",
        "rev": "6c4b9f1a2fd761e2d384ef86cff0d208ca27fdca",
        "type": "github"
      },
      "original": {
        "owner": "NixOS",
        "ref": "nixos-21.11",
        "repo": "nixpkgs",
        "type": "github"
      }
    },
    "root": {
      "inputs": {
        "nixpkgs": "nixpkgs"
      }
    }
  },
  "root": "root",
  "version": 7
}
